
Microsoft Visual Studio Solution File, Format Version 12.00
# Visual Studio Version 16
VisualStudioVersion = 16.0.31605.320
MinimumVisualStudioVersion = 10.0.40219.1
Project("{FAE04EC0-301F-11D3-BF4B-00C04F79EFBC}") = "UP_Programm", "UP_Programm\UP_Programm.csproj", "{814AB3EB-F8CE-4FBA-B47E-5F11C47BE39C}"
EndProject
Global
	GlobalSection(SolutionConfigurationPlatforms) = preSolution
		Debug|Any CPU = Debug|Any CPU
		Release|Any CPU = Release|Any CPU
	EndGlobalSection
	GlobalSection(ProjectConfigurationPlatforms) = postSolution
		{814AB3EB-F8CE-4FBA-B47E-5F11C47BE39C}.Debug|Any CPU.ActiveCfg = Debug|Any CPU
		{814AB3EB-F8CE-4FBA-B47E-5F11C47BE39C}.Debug|Any CPU.Build.0 = Debug|Any CPU
		{814AB3EB-F8CE-4FBA-B47E-5F11C47BE39C}.Release|Any CPU.ActiveCfg = Release|Any CPU
		{814AB3EB-F8CE-4FBA-B47E-5F11C47BE39C}.Release|Any CPU.Build.0 = Release|Any CPU
	EndGlobalSection
	GlobalSection(SolutionProperties) = preSolution
		HideSolutionNode = FALSE
	EndGlobalSection
	GlobalSection(ExtensibilityGlobals) = postSolution
		SolutionGuid = {30D8EB23-05F8-4F64-9439-1851DA43D552}
	EndGlobalSection
EndGlobal
